
Microsoft Visual Studio Solution File, Format Version 12.00
# Visual Studio Version 16
VisualStudioVersion = 16.0.31702.278
MinimumVisualStudioVersion = 10.0.40219.1
Project("{8BC9CEB8-8B4A-11D0-8D11-00A0C91BC942}") = "IDA-Pacp-File-Loader", "IDA-Pacp-File-Loader\IDA-Pacp-File-Loader.vcxproj", "{C89DF39A-8556-4E03-87C7-E9603357C794}"
EndProject
Global
	GlobalSection(SolutionConfigurationPlatforms) = preSolution
		Debug_32|x64 = Debug_32|x64
		Debug_32|x86 = Debug_32|x86
		Release|x64 = Release|x64
		Release|x86 = Release|x86
	EndGlobalSection
	GlobalSection(ProjectConfigurationPlatforms) = postSolution
		{C89DF39A-8556-4E03-87C7-E9603357C794}.Debug_32|x64.ActiveCfg = Debug_32|x64
		{C89DF39A-8556-4E03-87C7-E9603357C794}.Debug_32|x64.Build.0 = Debug_32|x64
		{C89DF39A-8556-4E03-87C7-E9603357C794}.Debug_32|x86.ActiveCfg = Debug_32|Win32
		{C89DF39A-8556-4E03-87C7-E9603357C794}.Debug_32|x86.Build.0 = Debug_32|Win32
		{C89DF39A-8556-4E03-87C7-E9603357C794}.Release|x64.ActiveCfg = Release|x64
		{C89DF39A-8556-4E03-87C7-E9603357C794}.Release|x64.Build.0 = Release|x64
		{C89DF39A-8556-4E03-87C7-E9603357C794}.Release|x86.ActiveCfg = Release|Win32
		{C89DF39A-8556-4E03-87C7-E9603357C794}.Release|x86.Build.0 = Release|Win32
	EndGlobalSection
	GlobalSection(SolutionProperties) = preSolution
		HideSolutionNode = FALSE
	EndGlobalSection
	GlobalSection(ExtensibilityGlobals) = postSolution
		SolutionGuid = {F78EA6ED-3C9B-4031-915E-D4A372D1D318}
	EndGlobalSection
EndGlobal
